
Microsoft Visual Studio Solution File, Format Version 12.00
# Visual Studio Version 16
VisualStudioVersion = 16.0.32901.82
MinimumVisualStudioVersion = 10.0.40219.1
Project("{FAE04EC0-301F-11D3-BF4B-00C04F79EFBC}") = "forms1", "forms1\forms1.csproj", "{B9FEBEA4-022C-494A-AA45-5C5DA7A7A89F}"
EndProject
Global
	GlobalSection(SolutionConfigurationPlatforms) = preSolution
		Debug|Any CPU = Debug|Any CPU
		Release|Any CPU = Release|Any CPU
	EndGlobalSection
	GlobalSection(ProjectConfigurationPlatforms) = postSolution
		{B9FEBEA4-022C-494A-AA45-5C5DA7A7A89F}.Debug|Any CPU.ActiveCfg = Debug|Any CPU
		{B9FEBEA4-022C-494A-AA45-5C5DA7A7A89F}.Debug|Any CPU.Build.0 = Debug|Any CPU
		{B9FEBEA4-022C-494A-AA45-5C5DA7A7A89F}.Release|Any CPU.ActiveCfg = Release|Any CPU
		{B9FEBEA4-022C-494A-AA45-5C5DA7A7A89F}.Release|Any CPU.Build.0 = Release|Any CPU
	EndGlobalSection
	GlobalSection(SolutionProperties) = preSolution
		HideSolutionNode = FALSE
	EndGlobalSection
	GlobalSection(ExtensibilityGlobals) = postSolution
		SolutionGuid = {AE772EA4-714A-4BAF-A681-90603F4AB7E8}
	EndGlobalSection
EndGlobal
